// !$*UTF8*$!
{
	archiveVersion = 1;
	classes = {
	};
	objectVersion = 45;
	objects = {

/* Begin PBXBuildFile section */
		6B3EEF79121686BB00B51AFA /* Window.cpp in Sources */ = {isa = PBXBuildFile; fileRef = 6B3EEF78121686BB00B51AFA /* Window.cpp */; };
		6BCBA76012151AB400EAE08A /* ParticleFilter.cpp in Sources */ = {isa = PBXBuildFile; fileRef = 6BCBA75F12151AB400EAE08A /* ParticleFilter.cpp */; };
		6BD03BC61217DF430069C5F7 /* ColorSubspace.cpp in Sources */ = {isa = PBXBuildFile; fileRef = 6BD03BC51217DF430069C5F7 /* ColorSubspace.cpp */; };
		6BD6397B122031D100F52086 /* motionCue.cpp in Sources */ = {isa = PBXBuildFile; fileRef = 6BD6397A122031D100F52086 /* motionCue.cpp */; };
		6BEF86DD1220E5BA00065E7D /* libopencv_calib3d.dylib in Frameworks */ = {isa = PBXBuildFile; fileRef = 6BEF86D21220E5BA00065E7D /* libopencv_calib3d.dylib */; };
		6BEF86DE1220E5BA00065E7D /* libopencv_contrib.dylib in Frameworks */ = {isa = PBXBuildFile; fileRef = 6BEF86D31220E5BA00065E7D /* libopencv_contrib.dylib */; };
		6BEF86DF1220E5BA00065E7D /* libopencv_core.dylib in Frameworks */ = {isa = PBXBuildFile; fileRef = 6BEF86D41220E5BA00065E7D /* libopencv_core.dylib */; };
		6BEF86E01220E5BA00065E7D /* libopencv_features2d.dylib in Frameworks */ = {isa = PBXBuildFile; fileRef = 6BEF86D51220E5BA00065E7D /* libopencv_features2d.dylib */; };
		6BEF86E11220E5BA00065E7D /* libopencv_gpu.dylib in Frameworks */ = {isa = PBXBuildFile; fileRef = 6BEF86D61220E5BA00065E7D /* libopencv_gpu.dylib */; };
		6BEF86E21220E5BA00065E7D /* libopencv_highgui.dylib in Frameworks */ = {isa = PBXBuildFile; fileRef = 6BEF86D71220E5BA00065E7D /* libopencv_highgui.dylib */; };
		6BEF86E31220E5BA00065E7D /* libopencv_imgproc.dylib in Frameworks */ = {isa = PBXBuildFile; fileRef = 6BEF86D81220E5BA00065E7D /* libopencv_imgproc.dylib */; };
		6BEF86E41220E5BA00065E7D /* libopencv_legacy.dylib in Frameworks */ = {isa = PBXBuildFile; fileRef = 6BEF86D91220E5BA00065E7D /* libopencv_legacy.dylib */; };
		6BEF86E51220E5BA00065E7D /* libopencv_ml.dylib in Frameworks */ = {isa = PBXBuildFile; fileRef = 6BEF86DA1220E5BA00065E7D /* libopencv_ml.dylib */; };
		6BEF86E61220E5BA00065E7D /* libopencv_objdetect.dylib in Frameworks */ = {isa = PBXBuildFile; fileRef = 6BEF86DB1220E5BA00065E7D /* libopencv_objdetect.dylib */; };
		6BEF86E71220E5BA00065E7D /* libopencv_video.dylib in Frameworks */ = {isa = PBXBuildFile; fileRef = 6BEF86DC1220E5BA00065E7D /* libopencv_video.dylib */; };
		8DD76F650486A84900D96B5E /* main.cpp in Sources */ = {isa = PBXBuildFile; fileRef = 08FB7796FE84155DC02AAC07 /* main.cpp */; settings = {ATTRIBUTES = (); }; };
		8DD76F6A0486A84900D96B5E /* KaToracker.1 in CopyFiles */ = {isa = PBXBuildFile; fileRef = C6859E8B029090EE04C91782 /* KaToracker.1 */; };
/* End PBXBuildFile section */

/* Begin PBXCopyFilesBuildPhase section */
		8DD76F690486A84900D96B5E /* CopyFiles */ = {
			isa = PBXCopyFilesBuildPhase;
			buildActionMask = 8;
			dstPath = /usr/share/man/man1/;
			dstSubfolderSpec = 0;
			files = (
				8DD76F6A0486A84900D96B5E /* KaToracker.1 in CopyFiles */,
			);
			runOnlyForDeploymentPostprocessing = 1;
		};
/* End PBXCopyFilesBuildPhase section */

/* Begin PBXFileReference section */
		08FB7796FE84155DC02AAC07 /* main.cpp */ = {isa = PBXFileReference; fileEncoding = 4; lastKnownFileType = sourcecode.cpp.cpp; path = main.cpp; sourceTree = "<group>"; };
		6B3EEF77121686BB00B51AFA /* Window.h */ = {isa = PBXFileReference; fileEncoding = 4; lastKnownFileType = sourcecode.c.h; path = Window.h; sourceTree = "<group>"; };
		6B3EEF78121686BB00B51AFA /* Window.cpp */ = {isa = PBXFileReference; fileEncoding = 4; lastKnownFileType = sourcecode.cpp.cpp; path = Window.cpp; sourceTree = "<group>"; };
		6BCBA75F12151AB400EAE08A /* ParticleFilter.cpp */ = {isa = PBXFileReference; fileEncoding = 4; lastKnownFileType = sourcecode.cpp.cpp; path = ParticleFilter.cpp; sourceTree = "<group>"; };
		6BD03BC51217DF430069C5F7 /* ColorSubspace.cpp */ = {isa = PBXFileReference; fileEncoding = 4; lastKnownFileType = sourcecode.cpp.cpp; path = ColorSubspace.cpp; sourceTree = "<group>"; };
		6BD6397A122031D100F52086 /* motionCue.cpp */ = {isa = PBXFileReference; fileEncoding = 4; lastKnownFileType = sourcecode.cpp.cpp; path = motionCue.cpp; sourceTree = "<group>"; };
		6BE99A2F1211977A00F7572F /* ParticleFilter.h */ = {isa = PBXFileReference; fileEncoding = 4; lastKnownFileType = sourcecode.c.h; path = ParticleFilter.h; sourceTree = "<group>"; };
		6BEF86D21220E5BA00065E7D /* libopencv_calib3d.dylib */ = {isa = PBXFileReference; lastKnownFileType = "compiled.mach-o.dylib"; name = libopencv_calib3d.dylib; path = /usr/local/lib/libopencv_calib3d.dylib; sourceTree = "<absolute>"; };
		6BEF86D31220E5BA00065E7D /* libopencv_contrib.dylib */ = {isa = PBXFileReference; lastKnownFileType = "compiled.mach-o.dylib"; name = libopencv_contrib.dylib; path = /usr/local/lib/libopencv_contrib.dylib; sourceTree = "<absolute>"; };
		6BEF86D41220E5BA00065E7D /* libopencv_core.dylib */ = {isa = PBXFileReference; lastKnownFileType = "compiled.mach-o.dylib"; name = libopencv_core.dylib; path = /usr/local/lib/libopencv_core.dylib; sourceTree = "<absolute>"; };
		6BEF86D51220E5BA00065E7D /* libopencv_features2d.dylib */ = {isa = PBXFileReference; lastKnownFileType = "compiled.mach-o.dylib"; name = libopencv_features2d.dylib; path = /usr/local/lib/libopencv_features2d.dylib; sourceTree = "<absolute>"; };
		6BEF86D61220E5BA00065E7D /* libopencv_gpu.dylib */ = {isa = PBXFileReference; lastKnownFileType = "compiled.mach-o.dylib"; name = libopencv_gpu.dylib; path = /usr/local/lib/libopencv_gpu.dylib; sourceTree = "<absolute>"; };
		6BEF86D71220E5BA00065E7D /* libopencv_highgui.dylib */ = {isa = PBXFileReference; lastKnownFileType = "compiled.mach-o.dylib"; name = libopencv_highgui.dylib; path = /usr/local/lib/libopencv_highgui.dylib; sourceTree = "<absolute>"; };
		6BEF86D81220E5BA00065E7D /* libopencv_imgproc.dylib */ = {isa = PBXFileReference; lastKnownFileType = "compiled.mach-o.dylib"; name = libopencv_imgproc.dylib; path = /usr/local/lib/libopencv_imgproc.dylib; sourceTree = "<absolute>"; };
		6BEF86D91220E5BA00065E7D /* libopencv_legacy.dylib */ = {isa = PBXFileReference; lastKnownFileType = "compiled.mach-o.dylib"; name = libopencv_legacy.dylib; path = /usr/local/lib/libopencv_legacy.dylib; sourceTree = "<absolute>"; };
		6BEF86DA1220E5BA00065E7D /* libopencv_ml.dylib */ = {isa = PBXFileReference; lastKnownFileType = "compiled.mach-o.dylib"; name = libopencv_ml.dylib; path = /usr/local/lib/libopencv_ml.dylib; sourceTree = "<absolute>"; };
		6BEF86DB1220E5BA00065E7D /* libopencv_objdetect.dylib */ = {isa = PBXFileReference; lastKnownFileType = "compiled.mach-o.dylib"; name = libopencv_objdetect.dylib; path = /usr/local/lib/libopencv_objdetect.dylib; sourceTree = "<absolute>"; };
		6BEF86DC1220E5BA00065E7D /* libopencv_video.dylib */ = {isa = PBXFileReference; lastKnownFileType = "compiled.mach-o.dylib"; name = libopencv_video.dylib; path = /usr/local/lib/libopencv_video.dylib; sourceTree = "<absolute>"; };
		8DD76F6C0486A84900D96B5E /* KaToracker */ = {isa = PBXFileReference; explicitFileType = "compiled.mach-o.executable"; includeInIndex = 0; path = KaToracker; sourceTree = BUILT_PRODUCTS_DIR; };
		C6859E8B029090EE04C91782 /* KaToracker.1 */ = {isa = PBXFileReference; lastKnownFileType = text.man; path = KaToracker.1; sourceTree = "<group>"; };
/* End PBXFileReference section */

/* Begin PBXFrameworksBuildPhase section */
		8DD76F660486A84900D96B5E /* Frameworks */ = {
			isa = PBXFrameworksBuildPhase;
			buildActionMask = 2147483647;
			files = (
				6BEF86DD1220E5BA00065E7D /* libopencv_calib3d.dylib in Frameworks */,
				6BEF86DE1220E5BA00065E7D /* libopencv_contrib.dylib in Frameworks */,
				6BEF86DF1220E5BA00065E7D /* libopencv_core.dylib in Frameworks */,
				6BEF86E01220E5BA00065E7D /* libopencv_features2d.dylib in Frameworks */,
				6BEF86E11220E5BA00065E7D /* libopencv_gpu.dylib in Frameworks */,
				6BEF86E21220E5BA00065E7D /* libopencv_highgui.dylib in Frameworks */,
				6BEF86E31220E5BA00065E7D /* libopencv_imgproc.dylib in Frameworks */,
				6BEF86E41220E5BA00065E7D /* libopencv_legacy.dylib in Frameworks */,
				6BEF86E51220E5BA00065E7D /* libopencv_ml.dylib in Frameworks */,
				6BEF86E61220E5BA00065E7D /* libopencv_objdetect.dylib in Frameworks */,
				6BEF86E71220E5BA00065E7D /* libopencv_video.dylib in Frameworks */,
			);
			runOnlyForDeploymentPostprocessing = 0;
		};
/* End PBXFrameworksBuildPhase section */

/* Begin PBXGroup section */
		08FB7794FE84155DC02AAC07 /* KaToracker */ = {
			isa = PBXGroup;
			children = (
				6B36FC971214373100E0E88D /* libs */,
				08FB7795FE84155DC02AAC07 /* Source */,
				C6859E8C029090F304C91782 /* Documentation */,
				1AB674ADFE9D54B511CA2CBB /* Products */,
			);
			name = KaToracker;
			sourceTree = "<group>";
		};
		08FB7795FE84155DC02AAC07 /* Source */ = {
			isa = PBXGroup;
			children = (
				08FB7796FE84155DC02AAC07 /* main.cpp */,
				6BE99A2F1211977A00F7572F /* ParticleFilter.h */,
				6BCBA75F12151AB400EAE08A /* ParticleFilter.cpp */,
				6B3EEF77121686BB00B51AFA /* Window.h */,
				6B3EEF78121686BB00B51AFA /* Window.cpp */,
				6BD03BC51217DF430069C5F7 /* ColorSubspace.cpp */,
				6BD6397A122031D100F52086 /* motionCue.cpp */,
			);
			name = Source;
			sourceTree = "<group>";
		};
		1AB674ADFE9D54B511CA2CBB /* Products */ = {
			isa = PBXGroup;
			children = (
				8DD76F6C0486A84900D96B5E /* KaToracker */,
			);
			name = Products;
			sourceTree = "<group>";
		};
		6B36FC971214373100E0E88D /* libs */ = {
			isa = PBXGroup;
			children = (
				6BEF86D21220E5BA00065E7D /* libopencv_calib3d.dylib */,
				6BEF86D31220E5BA00065E7D /* libopencv_contrib.dylib */,
				6BEF86D41220E5BA00065E7D /* libopencv_core.dylib */,
				6BEF86D51220E5BA00065E7D /* libopencv_features2d.dylib */,
				6BEF86D61220E5BA00065E7D /* libopencv_gpu.dylib */,
				6BEF86D71220E5BA00065E7D /* libopencv_highgui.dylib */,
				6BEF86D81220E5BA00065E7D /* libopencv_imgproc.dylib */,
				6BEF86D91220E5BA00065E7D /* libopencv_legacy.dylib */,
				6BEF86DA1220E5BA00065E7D /* libopencv_ml.dylib */,
				6BEF86DB1220E5BA00065E7D /* libopencv_objdetect.dylib */,
				6BEF86DC1220E5BA00065E7D /* libopencv_video.dylib */,
			);
			name = libs;
			sourceTree = "<group>";
		};
		C6859E8C029090F304C91782 /* Documentation */ = {
			isa = PBXGroup;
			children = (
				C6859E8B029090EE04C91782 /* KaToracker.1 */,
			);
			name = Documentation;
			sourceTree = "<group>";
		};
/* End PBXGroup section */

/* Begin PBXNativeTarget section */
		8DD76F620486A84900D96B5E /* KaToracker */ = {
			isa = PBXNativeTarget;
			buildConfigurationList = 1DEB923108733DC60010E9CD /* Build configuration list for PBXNativeTarget "KaToracker" */;
			buildPhases = (
				8DD76F640486A84900D96B5E /* Sources */,
				8DD76F660486A84900D96B5E /* Frameworks */,
				8DD76F690486A84900D96B5E /* CopyFiles */,
				6B7B78331214ABB900778096 /* Resources */,
			);
			buildRules = (
			);
			dependencies = (
			);
			name = KaToracker;
			productInstallPath = "$(HOME)/bin";
			productName = KaToracker;
			productReference = 8DD76F6C0486A84900D96B5E /* KaToracker */;
			productType = "com.apple.product-type.tool";
		};
/* End PBXNativeTarget section */

/* Begin PBXProject section */
		08FB7793FE84155DC02AAC07 /* Project object */ = {
			isa = PBXProject;
			buildConfigurationList = 1DEB923508733DC60010E9CD /* Build configuration list for PBXProject "KaToracker" */;
			compatibilityVersion = "Xcode 3.1";
			hasScannedForEncodings = 1;
			mainGroup = 08FB7794FE84155DC02AAC07 /* KaToracker */;
			projectDirPath = "";
			projectRoot = "";
			targets = (
				8DD76F620486A84900D96B5E /* KaToracker */,
			);
		};
/* End PBXProject section */

/* Begin PBXResourcesBuildPhase section */
		6B7B78331214ABB900778096 /* Resources */ = {
			isa = PBXResourcesBuildPhase;
			buildActionMask = 2147483647;
			files = (
			);
			runOnlyForDeploymentPostprocessing = 0;
		};
/* End PBXResourcesBuildPhase section */

/* Begin PBXSourcesBuildPhase section */
		8DD76F640486A84900D96B5E /* Sources */ = {
			isa = PBXSourcesBuildPhase;
			buildActionMask = 2147483647;
			files = (
				8DD76F650486A84900D96B5E /* main.cpp in Sources */,
				6BCBA76012151AB400EAE08A /* ParticleFilter.cpp in Sources */,
				6B3EEF79121686BB00B51AFA /* Window.cpp in Sources */,
				6BD03BC61217DF430069C5F7 /* ColorSubspace.cpp in Sources */,
				6BD6397B122031D100F52086 /* motionCue.cpp in Sources */,
			);
			runOnlyForDeploymentPostprocessing = 0;
		};
/* End PBXSourcesBuildPhase section */

/* Begin XCBuildConfiguration section */
		1DEB923208733DC60010E9CD /* Debug */ = {
			isa = XCBuildConfiguration;
			buildSettings = {
				ALWAYS_SEARCH_USER_PATHS = NO;
				COPY_PHASE_STRIP = NO;
				GCC_DYNAMIC_NO_PIC = NO;
				GCC_ENABLE_FIX_AND_CONTINUE = YES;
				GCC_MODEL_TUNING = G5;
				GCC_OPTIMIZATION_LEVEL = 0;
				GCC_PREPROCESSOR_DEFINITIONS = (
					"_GLIBCXX_DEBUG=1",
					"_GLIBCXX_DEBUG_PEDANTIC=1",
				);
				INSTALL_PATH = /usr/local/bin;
				LIBRARY_SEARCH_PATHS = (
					"$(inherited)",
					/opt/local/lib,
				);
				PRODUCT_NAME = KaToracker;
				VALID_ARCHS = "i386 x86_64";
			};
			name = Debug;
		};
		1DEB923308733DC60010E9CD /* Release */ = {
			isa = XCBuildConfiguration;
			buildSettings = {
				ALWAYS_SEARCH_USER_PATHS = YES;
				DEBUG_INFORMATION_FORMAT = "dwarf-with-dsym";
				GCC_MODEL_TUNING = G5;
				INSTALL_PATH = /usr/local/bin;
				LIBRARY_SEARCH_PATHS = (
					"$(inherited)",
					/opt/local/lib,
				);
				PRODUCT_NAME = KaToracker;
			};
			name = Release;
		};
		1DEB923608733DC60010E9CD /* Debug */ = {
			isa = XCBuildConfiguration;
			buildSettings = {
				ARCHS = "$(ARCHS_STANDARD_32_64_BIT)";
				GCC_C_LANGUAGE_STANDARD = gnu99;
				GCC_OPTIMIZATION_LEVEL = 0;
				GCC_WARN_ABOUT_RETURN_TYPE = YES;
				GCC_WARN_UNUSED_VARIABLE = YES;
				HEADER_SEARCH_PATHS = "/usr/local/include/**";
				ONLY_ACTIVE_ARCH = YES;
				PREBINDING = NO;
				SDKROOT = macosx10.6;
				USER_HEADER_SEARCH_PATHS = "";
			};
			name = Debug;
		};
		1DEB923708733DC60010E9CD /* Release */ = {
			isa = XCBuildConfiguration;
			buildSettings = {
				ARCHS = "$(ARCHS_STANDARD_32_64_BIT)";
				GCC_C_LANGUAGE_STANDARD = gnu99;
				GCC_WARN_ABOUT_RETURN_TYPE = YES;
				GCC_WARN_UNUSED_VARIABLE = YES;
				HEADER_SEARCH_PATHS = "/usr/local/include/**";
				PREBINDING = NO;
				SDKROOT = macosx10.6;
				USER_HEADER_SEARCH_PATHS = "";
				VALID_ARCHS = x86_64;
			};
			name = Release;
		};
/* End XCBuildConfiguration section */

/* Begin XCConfigurationList section */
		1DEB923108733DC60010E9CD /* Build configuration list for PBXNativeTarget "KaToracker" */ = {
			isa = XCConfigurationList;
			buildConfigurations = (
				1DEB923208733DC60010E9CD /* Debug */,
				1DEB923308733DC60010E9CD /* Release */,
			);
			defaultConfigurationIsVisible = 0;
			defaultConfigurationName = Release;
		};
		1DEB923508733DC60010E9CD /* Build configuration list for PBXProject "KaToracker" */ = {
			isa = XCConfigurationList;
			buildConfigurations = (
				1DEB923608733DC60010E9CD /* Debug */,
				1DEB923708733DC60010E9CD /* Release */,
			);
			defaultConfigurationIsVisible = 0;
			defaultConfigurationName = Release;
		};
/* End XCConfigurationList section */
	};
	rootObject = 08FB7793FE84155DC02AAC07 /* Project object */;
}
